
Microsoft Visual Studio Solution File, Format Version 12.00
# Visual Studio Version 16
VisualStudioVersion = 16.0.31019.35
MinimumVisualStudioVersion = 10.0.40219.1
Project("{FAE04EC0-301F-11D3-BF4B-00C04F79EFBC}") = "Calculadora", "Calculadora\Calculadora.csproj", "{7BEFEB9A-003A-473F-8A8B-B95B8970333F}"
EndProject
Global
	GlobalSection(SolutionConfigurationPlatforms) = preSolution
		Debug|Any CPU = Debug|Any CPU
		Release|Any CPU = Release|Any CPU
	EndGlobalSection
	GlobalSection(ProjectConfigurationPlatforms) = postSolution
		{7BEFEB9A-003A-473F-8A8B-B95B8970333F}.Debug|Any CPU.ActiveCfg = Debug|Any CPU
		{7BEFEB9A-003A-473F-8A8B-B95B8970333F}.Debug|Any CPU.Build.0 = Debug|Any CPU
		{7BEFEB9A-003A-473F-8A8B-B95B8970333F}.Release|Any CPU.ActiveCfg = Release|Any CPU
		{7BEFEB9A-003A-473F-8A8B-B95B8970333F}.Release|Any CPU.Build.0 = Release|Any CPU
	EndGlobalSection
	GlobalSection(SolutionProperties) = preSolution
		HideSolutionNode = FALSE
	EndGlobalSection
	GlobalSection(ExtensibilityGlobals) = postSolution
		SolutionGuid = {CB5462A9-AC63-46B9-B25B-45752BBBDAC1}
	EndGlobalSection
EndGlobal
